
Microsoft Visual Studio Solution File, Format Version 12.00
# Visual Studio Version 16
VisualStudioVersion = 16.0.28803.202
MinimumVisualStudioVersion = 10.0.40219.1
Project("{FAE04EC0-301F-11D3-BF4B-00C04F79EFBC}") = "Dijkstra's shortest path", "Dijkstra's shortest path\Dijkstra's shortest path.csproj", "{AF806FCF-DFE7-4078-B7A8-D824918EE63A}"
EndProject
Global
	GlobalSection(SolutionConfigurationPlatforms) = preSolution
		Debug|Any CPU = Debug|Any CPU
		Release|Any CPU = Release|Any CPU
	EndGlobalSection
	GlobalSection(ProjectConfigurationPlatforms) = postSolution
		{AF806FCF-DFE7-4078-B7A8-D824918EE63A}.Debug|Any CPU.ActiveCfg = Debug|Any CPU
		{AF806FCF-DFE7-4078-B7A8-D824918EE63A}.Debug|Any CPU.Build.0 = Debug|Any CPU
		{AF806FCF-DFE7-4078-B7A8-D824918EE63A}.Release|Any CPU.ActiveCfg = Release|Any CPU
		{AF806FCF-DFE7-4078-B7A8-D824918EE63A}.Release|Any CPU.Build.0 = Release|Any CPU
	EndGlobalSection
	GlobalSection(SolutionProperties) = preSolution
		HideSolutionNode = FALSE
	EndGlobalSection
	GlobalSection(ExtensibilityGlobals) = postSolution
		SolutionGuid = {6E4DD97C-77E3-4534-8930-85BF549B5324}
	EndGlobalSection
EndGlobal
